{
  "name": "piphi-widget-calendar-agenda",
  "version": "0.1.0",
  "lockfileVersion": 3,
  "requires": true,
  "packages": {
    "": {
      "name": "piphi-widget-calendar-agenda",
      "version": "0.1.0",
      "dependencies": {
        "piphi-network-widget-sdk": "^0.4.0"
      },
      "engines": {
        "node": ">=22"
      }
    },
    "node_modules/piphi-network-widget-sdk": {
      "version": "0.4.0",
      "resolved": "https://registry.npmjs.org/piphi-network-widget-sdk/-/piphi-network-widget-sdk-0.4.0.tgz",
      "integrity": "sha512-XGHJ4y54L9x5yXz+YV72Ai5mul22/Oeq3X8paHzJ16kvdQMT/JQMNfGBirYLEIyDP8eNgVsM1CHwjt6nSoaM0A==",
      "license": "MIT",
      "bin": {
        "piphi-widget": "bin/piphi-widget.mjs"
      },
      "engines": {
        "node": ">=22"
      }
    }
  }
}
